{
  "nodes": {
    "home-manager": {
      "inputs": {
        "nixpkgs": [
          "nixpkgs"
        ]
      },
      "locked": {
        "lastModified": 1719180626,
        "narHash": "sha256-vZAzm5KQpR6RGple1dzmSJw5kPivES2heCFM+ZWkt0I=",
        "owner": "nix-community",
        "repo": "home-manager",
        "rev": "6b1f90a8ff92e81638ae6eb48cd62349c3e387bb",
        "type": "github"
      },
      "original": {
        "owner": "nix-community",
        "repo": "home-manager",
        "type": "github"
      }
    },
    "nixpkgs": {
      "locked": {
        "lastModified": 1719075281,
        "narHash": "sha256-CyyxvOwFf12I91PBWz43iGT1kjsf5oi6ax7CrvaMyAo=",
        "owner": "nixos",
        "repo": "nixpkgs",
        "rev": "a71e967ef3694799d0c418c98332f7ff4cc5f6af",
        "type": "github"
      },
      "original": {
        "owner": "nixos",
        "ref": "nixos-unstable",
        "repo": "nixpkgs",
        "type": "github"
      }
    },
    "plugin-silicon": {
      "flake": false,
      "locked": {
        "lastModified": 1717109319,
        "narHash": "sha256-MI99fgu2QJ1nXLVMixLjNcdWGQRbR4qePwN6HoDxukY=",
        "owner": "michaelrommel",
        "repo": "nvim-silicon",
        "rev": "b305ad8a45210f0dc8bbba1494dea6af072c0ed2",
        "type": "github"
      },
      "original": {
        "owner": "michaelrommel",
        "repo": "nvim-silicon",
        "type": "github"
      }
    },
    "root": {
      "inputs": {
        "home-manager": "home-manager",
        "nixpkgs": "nixpkgs",
        "plugin-silicon": "plugin-silicon"
      }
    }
  },
  "root": "root",
  "version": 7
}
